
Microsoft Visual Studio Solution File, Format Version 12.00
# Visual Studio Version 17
VisualStudioVersion = 17.3.32819.101
MinimumVisualStudioVersion = 10.0.40219.1
Project("{9A19103F-16F7-4668-BE54-9A1E7A4F7556}") = "Exercise5", "Exercise5.csproj", "{AB6F908A-FB8E-4CA4-A639-A10026ECBFFB}"
EndProject
Global
	GlobalSection(SolutionConfigurationPlatforms) = preSolution
		Debug|Any CPU = Debug|Any CPU
		Release|Any CPU = Release|Any CPU
	EndGlobalSection
	GlobalSection(ProjectConfigurationPlatforms) = postSolution
		{AB6F908A-FB8E-4CA4-A639-A10026ECBFFB}.Debug|Any CPU.ActiveCfg = Debug|Any CPU
		{AB6F908A-FB8E-4CA4-A639-A10026ECBFFB}.Debug|Any CPU.Build.0 = Debug|Any CPU
		{AB6F908A-FB8E-4CA4-A639-A10026ECBFFB}.Release|Any CPU.ActiveCfg = Release|Any CPU
		{AB6F908A-FB8E-4CA4-A639-A10026ECBFFB}.Release|Any CPU.Build.0 = Release|Any CPU
	EndGlobalSection
	GlobalSection(SolutionProperties) = preSolution
		HideSolutionNode = FALSE
	EndGlobalSection
	GlobalSection(ExtensibilityGlobals) = postSolution
		SolutionGuid = {5FCAC8DC-5C84-4341-B021-DE5E84681238}
	EndGlobalSection
EndGlobal
