
Microsoft Visual Studio Solution File, Format Version 12.00
# Visual Studio Version 17
VisualStudioVersion = 17.3.32819.101
MinimumVisualStudioVersion = 10.0.40219.1
Project("{9A19103F-16F7-4668-BE54-9A1E7A4F7556}") = "Exercise7", "Exercise7.csproj", "{438BBEBC-203C-4F0F-932F-4B4EE0778668}"
EndProject
Global
	GlobalSection(SolutionConfigurationPlatforms) = preSolution
		Debug|Any CPU = Debug|Any CPU
		Release|Any CPU = Release|Any CPU
	EndGlobalSection
	GlobalSection(ProjectConfigurationPlatforms) = postSolution
		{438BBEBC-203C-4F0F-932F-4B4EE0778668}.Debug|Any CPU.ActiveCfg = Debug|Any CPU
		{438BBEBC-203C-4F0F-932F-4B4EE0778668}.Debug|Any CPU.Build.0 = Debug|Any CPU
		{438BBEBC-203C-4F0F-932F-4B4EE0778668}.Release|Any CPU.ActiveCfg = Release|Any CPU
		{438BBEBC-203C-4F0F-932F-4B4EE0778668}.Release|Any CPU.Build.0 = Release|Any CPU
	EndGlobalSection
	GlobalSection(SolutionProperties) = preSolution
		HideSolutionNode = FALSE
	EndGlobalSection
	GlobalSection(ExtensibilityGlobals) = postSolution
		SolutionGuid = {8EC3AF9A-2988-43FB-A44A-FA30717BA5C1}
	EndGlobalSection
EndGlobal
