
Microsoft Visual Studio Solution File, Format Version 12.00
# Visual Studio Version 17
VisualStudioVersion = 17.3.32819.101
MinimumVisualStudioVersion = 10.0.40219.1
Project("{9A19103F-16F7-4668-BE54-9A1E7A4F7556}") = "Exercise4", "Exercise4.csproj", "{B0D5DFE2-177C-4F7D-8C79-E55432FA5047}"
EndProject
Global
	GlobalSection(SolutionConfigurationPlatforms) = preSolution
		Debug|Any CPU = Debug|Any CPU
		Release|Any CPU = Release|Any CPU
	EndGlobalSection
	GlobalSection(ProjectConfigurationPlatforms) = postSolution
		{B0D5DFE2-177C-4F7D-8C79-E55432FA5047}.Debug|Any CPU.ActiveCfg = Debug|Any CPU
		{B0D5DFE2-177C-4F7D-8C79-E55432FA5047}.Debug|Any CPU.Build.0 = Debug|Any CPU
		{B0D5DFE2-177C-4F7D-8C79-E55432FA5047}.Release|Any CPU.ActiveCfg = Release|Any CPU
		{B0D5DFE2-177C-4F7D-8C79-E55432FA5047}.Release|Any CPU.Build.0 = Release|Any CPU
	EndGlobalSection
	GlobalSection(SolutionProperties) = preSolution
		HideSolutionNode = FALSE
	EndGlobalSection
	GlobalSection(ExtensibilityGlobals) = postSolution
		SolutionGuid = {04632CD1-E39D-46EB-A453-8F5847E6F8D5}
	EndGlobalSection
EndGlobal
